
Microsoft Visual Studio Solution File, Format Version 12.00
# Visual Studio Version 16
VisualStudioVersion = 16.0.31613.86
MinimumVisualStudioVersion = 10.0.40219.1
Project("{FAE04EC0-301F-11D3-BF4B-00C04F79EFBC}") = "SecurityManager", "SecurityManager\SecurityManager.csproj", "{A1C90788-4F62-471F-A914-341E84360D71}"
EndProject
Project("{FAE04EC0-301F-11D3-BF4B-00C04F79EFBC}") = "AnyAPI", "AnyAPI\AnyAPI.csproj", "{17C4EB91-CD24-434D-A201-69FCF96CB05F}"
EndProject
Global
	GlobalSection(SolutionConfigurationPlatforms) = preSolution
		Debug|Any CPU = Debug|Any CPU
		Release|Any CPU = Release|Any CPU
	EndGlobalSection
	GlobalSection(ProjectConfigurationPlatforms) = postSolution
		{A1C90788-4F62-471F-A914-341E84360D71}.Debug|Any CPU.ActiveCfg = Debug|Any CPU
		{A1C90788-4F62-471F-A914-341E84360D71}.Debug|Any CPU.Build.0 = Debug|Any CPU
		{A1C90788-4F62-471F-A914-341E84360D71}.Release|Any CPU.ActiveCfg = Release|Any CPU
		{A1C90788-4F62-471F-A914-341E84360D71}.Release|Any CPU.Build.0 = Release|Any CPU
		{17C4EB91-CD24-434D-A201-69FCF96CB05F}.Debug|Any CPU.ActiveCfg = Debug|Any CPU
		{17C4EB91-CD24-434D-A201-69FCF96CB05F}.Debug|Any CPU.Build.0 = Debug|Any CPU
		{17C4EB91-CD24-434D-A201-69FCF96CB05F}.Release|Any CPU.ActiveCfg = Release|Any CPU
		{17C4EB91-CD24-434D-A201-69FCF96CB05F}.Release|Any CPU.Build.0 = Release|Any CPU
	EndGlobalSection
	GlobalSection(SolutionProperties) = preSolution
		HideSolutionNode = FALSE
	EndGlobalSection
	GlobalSection(ExtensibilityGlobals) = postSolution
		SolutionGuid = {C70FDDBA-1628-4064-9110-E0F64610F3B5}
	EndGlobalSection
EndGlobal
